<?xml version="1.0" encoding="utf-8"?>
<Project ToolsVersion="4.0" xmlns="http://schemas.microsoft.com/developer/msbuild/2003">
  <ItemGroup>
    <Filter Include="Fichiers sources">
      <UniqueIdentifier>{4FC737F1-C7A5-4376-A066-2A32D752A2FF}</UniqueIdentifier>
      <Extensions>cpp;c;cc;cxx;def;odl;idl;hpj;bat;asm;asmx</Extensions>
    </Filter>
    <Filter Include="Fichiers d%27en-tête">
      <UniqueIdentifier>{93995380-89BD-4b04-88EB-625FBE52EBFB}</UniqueIdentifier>
      <Extensions>h;hpp;hxx;hm;inl;inc;xsd</Extensions>
    </Filter>
    <Filter Include="Fichiers de ressources">
      <UniqueIdentifier>{67DA6AB6-F800-4c08-8B7A-83BB121AAD01}</UniqueIdentifier>
      <Extensions>rc;ico;cur;bmp;dlg;rc2;rct;bin;rgs;gif;jpg;jpeg;jpe;resx;tiff;tif;png;wav;mfcribbon-ms</Extensions>
    </Filter>
    <Filter Include="Fichiers de ressources\Fonts">
      <UniqueIdentifier>{06a33a8c-a3e0-4650-b3b3-dfbadaaae40b}</UniqueIdentifier>
    </Filter>
    <Filter Include="Fichiers de ressources\Overlays">
      <UniqueIdentifier>{a8194317-c46a-42e1-9e15-0eef02eeb038}</UniqueIdentifier>
    </Filter>
    <Filter Include="Fichiers de ressources\Sounds">
      <UniqueIdentifier>{867c118b-e598-4bac-b60a-5e28940323b4}</UniqueIdentifier>
    </Filter>
    <Filter Include="Fichiers de ressources\Sprites">
      <UniqueIdentifier>{c04940f4-7bdb-4658-b7e6-206edc5404bd}</UniqueIdentifier>
    </Filter>
    <Filter Include="Fichiers de ressources\Tiles">
      <UniqueIdentifier>{d30494d1-0ee3-4035-be38-b1d26344d6a7}</UniqueIdentifier>
    </Filter>
    <Filter Include="Fichiers de ressources\Sprites\1_Troll">
      <UniqueIdentifier>{fc467fab-4956-4926-9df8-9b45bccbbd17}</UniqueIdentifier>
    </Filter>
    <Filter Include="Fichiers de ressources\Sprites\2_Troll">
      <UniqueIdentifier>{ab307f61-3b06-4517-92d7-6e527387143b}</UniqueIdentifier>
    </Filter>
    <Filter Include="Fichiers de ressources\Sprites\3_Troll">
      <UniqueIdentifier>{8d10712c-4d4d-4e2e-806e-fd7b0942d6b0}</UniqueIdentifier>
    </Filter>
    <Filter Include="Fichiers de ressources\Sprites\1_Troll\Attak">
      <UniqueIdentifier>{958acd15-81a2-48eb-8a55-8c8332e9f8bb}</UniqueIdentifier>
    </Filter>
    <Filter Include="Fichiers de ressources\Sprites\1_Troll\Die">
      <UniqueIdentifier>{b24398d2-d017-4b36-bd74-f9496cd2a7c6}</UniqueIdentifier>
    </Filter>
    <Filter Include="Fichiers de ressources\Sprites\1_Troll\Hurt">
      <UniqueIdentifier>{389eefb8-44d0-4b4a-99af-559a66adb863}</UniqueIdentifier>
    </Filter>
    <Filter Include="Fichiers de ressources\Sprites\1_Troll\Idle">
      <UniqueIdentifier>{101a5b20-bc58-4c78-8ed7-857f78253e3d}</UniqueIdentifier>
    </Filter>
    <Filter Include="Fichiers de ressources\Sprites\1_Troll\Jump">
      <UniqueIdentifier>{ba51f2b7-05e5-4ff4-af87-31ea9755c198}</UniqueIdentifier>
    </Filter>
    <Filter Include="Fichiers de ressources\Sprites\1_Troll\Run">
      <UniqueIdentifier>{71675883-3bcb-4479-9e11-970f4bf6b947}</UniqueIdentifier>
    </Filter>
    <Filter Include="Fichiers de ressources\Sprites\1_Troll\Walk">
      <UniqueIdentifier>{c7eb0018-a660-47f4-ac3b-9de3d04b6efd}</UniqueIdentifier>
    </Filter>
    <Filter Include="Fichiers de ressources\Sprites\2_Troll\Attak">
      <UniqueIdentifier>{6423e5ce-9a6a-4ff7-afc0-5e1a0d752f11}</UniqueIdentifier>
    </Filter>
    <Filter Include="Fichiers de ressources\Sprites\2_Troll\Die">
      <UniqueIdentifier>{4f350b77-458b-47cf-add6-38cd9e316b4d}</UniqueIdentifier>
    </Filter>
    <Filter Include="Fichiers de ressources\Sprites\2_Troll\Hurt">
      <UniqueIdentifier>{b14b0981-1dc7-47e2-9936-67d1a1b84b70}</UniqueIdentifier>
    </Filter>
    <Filter Include="Fichiers de ressources\Sprites\2_Troll\Idle">
      <UniqueIdentifier>{baeae8d8-3a05-4135-8e5f-e5acbb852501}</UniqueIdentifier>
    </Filter>
    <Filter Include="Fichiers de ressources\Sprites\2_Troll\Jump">
      <UniqueIdentifier>{ae64213a-6f42-4741-a91f-9527eb83488f}</UniqueIdentifier>
    </Filter>
    <Filter Include="Fichiers de ressources\Sprites\2_Troll\Walk">
      <UniqueIdentifier>{f5b25e9d-0052-4e57-8bd6-ef356c1e4c74}</UniqueIdentifier>
    </Filter>
    <Filter Include="Fichiers de ressources\Sprites\2_Troll\Run">
      <UniqueIdentifier>{5b40ff25-65bf-49d9-83fb-90cbc9e98637}</UniqueIdentifier>
    </Filter>
    <Filter Include="Fichiers de ressources\Sprites\3_Troll\Attak">
      <UniqueIdentifier>{b3c3ecbb-f9ee-4cda-8a3e-9b6811ee424e}</UniqueIdentifier>
    </Filter>
    <Filter Include="Fichiers de ressources\Sprites\3_Troll\Die">
      <UniqueIdentifier>{eedae9bd-2733-4ad0-8cc0-160beda60662}</UniqueIdentifier>
    </Filter>
    <Filter Include="Fichiers de ressources\Sprites\3_Troll\Hurt">
      <UniqueIdentifier>{d4099118-4660-42cc-91d8-41ffbe80d85c}</UniqueIdentifier>
    </Filter>
    <Filter Include="Fichiers de ressources\Sprites\3_Troll\Idle">
      <UniqueIdentifier>{1f54ca1e-65f1-4526-8377-a4d884e30f77}</UniqueIdentifier>
    </Filter>
    <Filter Include="Fichiers de ressources\Sprites\3_Troll\Jump">
      <UniqueIdentifier>{a37c538a-3162-4294-a0b4-b3a608dac52d}</UniqueIdentifier>
    </Filter>
    <Filter Include="Fichiers de ressources\Sprites\3_Troll\Run">
      <UniqueIdentifier>{a6a1588c-e963-411b-9d22-eb782a88e959}</UniqueIdentifier>
    </Filter>
    <Filter Include="Fichiers de ressources\Sprites\3_Troll\Walk">
      <UniqueIdentifier>{5257b334-e086-4b6c-8016-cd38c670c4b8}</UniqueIdentifier>
    </Filter>
    <Filter Include="Fichiers de ressources\Sprites\1_Knight">
      <UniqueIdentifier>{8e14805b-e043-4c12-98fc-d834d261a20e}</UniqueIdentifier>
    </Filter>
    <Filter Include="Fichiers de ressources\Sprites\2_Knight">
      <UniqueIdentifier>{64be7b90-f71a-4da3-b8bc-9344c64f6f11}</UniqueIdentifier>
    </Filter>
    <Filter Include="Fichiers de ressources\Sprites\3_Knight">
      <UniqueIdentifier>{5c6864d5-3cbc-4eca-9139-dad76ea2a835}</UniqueIdentifier>
    </Filter>
    <Filter Include="Fichiers de ressources\Sprites\1_Knight\Attack">
      <UniqueIdentifier>{56d52576-6e39-4e0a-8cfa-3be60228f69e}</UniqueIdentifier>
    </Filter>
    <Filter Include="Fichiers de ressources\Sprites\1_Knight\Die">
      <UniqueIdentifier>{014f6a84-941a-4b71-9eb1-4ff375e23326}</UniqueIdentifier>
    </Filter>
    <Filter Include="Fichiers de ressources\Sprites\1_Knight\Hurt">
      <UniqueIdentifier>{f21165dc-ac35-4643-b4b2-8fca16bab415}</UniqueIdentifier>
    </Filter>
    <Filter Include="Fichiers de ressources\Sprites\1_Knight\Idle">
      <UniqueIdentifier>{5070f3a3-8e69-4d3f-8a24-ab82d4847c37}</UniqueIdentifier>
    </Filter>
    <Filter Include="Fichiers de ressources\Sprites\1_Knight\Jump">
      <UniqueIdentifier>{dc2ef990-0a44-4cee-9d6a-ed023bf0a8d9}</UniqueIdentifier>
    </Filter>
    <Filter Include="Fichiers de ressources\Sprites\1_Knight\Run">
      <UniqueIdentifier>{faa89ae3-e22c-4c93-b4d3-6756d6f27460}</UniqueIdentifier>
    </Filter>
    <Filter Include="Fichiers de ressources\Sprites\1_Knight\Walk">
      <UniqueIdentifier>{d1ffa013-5fc2-49ed-a48f-0a9aa5f60b45}</UniqueIdentifier>
    </Filter>
    <Filter Include="Fichiers de ressources\Sprites\2_Knight\Attack">
      <UniqueIdentifier>{8c5e1e0f-c852-41c7-ba51-8e3e9a47c8a3}</UniqueIdentifier>
    </Filter>
    <Filter Include="Fichiers de ressources\Sprites\2_Knight\Die">
      <UniqueIdentifier>{cabe4cf4-132a-4bde-a5e7-1a475d6ce6de}</UniqueIdentifier>
    </Filter>
    <Filter Include="Fichiers de ressources\Sprites\2_Knight\Hurt">
      <UniqueIdentifier>{ea5c8492-b172-4539-8c45-78aad24e14e3}</UniqueIdentifier>
    </Filter>
    <Filter Include="Fichiers de ressources\Sprites\2_Knight\Idle">
      <UniqueIdentifier>{82c5634c-88e7-488b-839b-2308dbed4641}</UniqueIdentifier>
    </Filter>
    <Filter Include="Fichiers de ressources\Sprites\2_Knight\Jump">
      <UniqueIdentifier>{0e55743a-526e-4764-9fd4-e248d90179a0}</UniqueIdentifier>
    </Filter>
    <Filter Include="Fichiers de ressources\Sprites\2_Knight\Run">
      <UniqueIdentifier>{974df33a-d37c-4aca-be68-080934d92ca2}</UniqueIdentifier>
    </Filter>
    <Filter Include="Fichiers de ressources\Sprites\2_Knight\Walk">
      <UniqueIdentifier>{3bd4f0e7-e9d2-42d1-98a8-8e8813e94f9f}</UniqueIdentifier>
    </Filter>
    <Filter Include="Fichiers de ressources\Sprites\3_Knight\Attack">
      <UniqueIdentifier>{b61a36ae-8774-4d7c-9a24-e3fc6ec23292}</UniqueIdentifier>
    </Filter>
    <Filter Include="Fichiers de ressources\Sprites\3_Knight\Die">
      <UniqueIdentifier>{9fcd8d39-fc6e-4aaa-9ac7-cdf457441792}</UniqueIdentifier>
    </Filter>
    <Filter Include="Fichiers de ressources\Sprites\3_Knight\Hurt">
      <UniqueIdentifier>{248b672c-eb96-435b-a0fd-98ea1e78283b}</UniqueIdentifier>
    </Filter>
    <Filter Include="Fichiers de ressources\Sprites\3_Knight\Idle">
      <UniqueIdentifier>{48ba60bc-0c8e-45b4-876c-41f988dbb7ab}</UniqueIdentifier>
    </Filter>
    <Filter Include="Fichiers de ressources\Sprites\3_Knight\Jump">
      <UniqueIdentifier>{60b658ee-64cb-4fd4-a4ef-b0f88616f121}</UniqueIdentifier>
    </Filter>
    <Filter Include="Fichiers de ressources\Sprites\3_Knight\Run">
      <UniqueIdentifier>{fc0aabbe-2df0-4135-9e8e-b3e32d2d44e2}</UniqueIdentifier>
    </Filter>
    <Filter Include="Fichiers de ressources\Sprites\3_Knight\Walk">
      <UniqueIdentifier>{86eddec3-bbf0-4998-8b4f-670d3a80479c}</UniqueIdentifier>
    </Filter>
    <Filter Include="Fichiers de ressources\Sprites\Gems">
      <UniqueIdentifier>{b2937251-55b8-41f5-be27-fa1e1130c878}</UniqueIdentifier>
    </Filter>
    <Filter Include="Fichiers de ressources\Sprites\UI">
      <UniqueIdentifier>{a7d2f697-1714-4fb8-8537-828877ad632c}</UniqueIdentifier>
    </Filter>
    <Filter Include="Fichiers de ressources\Sprites\UI\Backgrounds">
      <UniqueIdentifier>{cbe32059-163b-46f5-8f1d-1d20a1a0c2c8}</UniqueIdentifier>
    </Filter>
    <Filter Include="Fichiers de ressources\Other">
      <UniqueIdentifier>{b99eb03b-fa1b-4203-903b-0c0687e2b5c0}</UniqueIdentifier>
    </Filter>
    <Filter Include="Fichiers de ressources\Sprites\Player">
      <UniqueIdentifier>{9fea5d21-78e5-4bea-b4f9-811f3fa17e7b}</UniqueIdentifier>
    </Filter>
  </ItemGroup>
  <ItemGroup>
    <ClCompile Include="Main.cpp">
      <Filter>Fichiers sources</Filter>
    </ClCompile>
    <ClCompile Include="Game.cpp">
      <Filter>Fichiers sources</Filter>
    </ClCompile>
    <ClCompile Include="Testeur.cpp">
      <Filter>Fichiers sources</Filter>
    </ClCompile>
    <ClCompile Include="SceneTitre.cpp">
      <Filter>Fichiers sources</Filter>
    </ClCompile>
    <ClCompile Include="SceneNiveau1.cpp">
      <Filter>Fichiers sources</Filter>
    </ClCompile>
    <ClCompile Include="Textbox.cpp">
      <Filter>Fichiers sources</Filter>
    </ClCompile>
    <ClCompile Include="RectCollider.cpp">
      <Filter>Fichiers sources</Filter>
    </ClCompile>
    <ClCompile Include="AnimationShredder.cpp">
      <Filter>Fichiers sources</Filter>
    </ClCompile>
    <ClCompile Include="ObjectAnimator.cpp">
      <Filter>Fichiers sources</Filter>
    </ClCompile>
    <ClCompile Include="Spawner.cpp">
      <Filter>Fichiers sources</Filter>
    </ClCompile>
    <ClCompile Include="MenuPrincipale.cpp">
      <Filter>Fichiers sources</Filter>
    </ClCompile>
    <ClCompile Include="Login.cpp">
      <Filter>Fichiers sources</Filter>
    </ClCompile>
    <ClCompile Include="AccountHandler.cpp">
      <Filter>Fichiers sources</Filter>
    </ClCompile>
    <ClCompile Include="AccountManagement.cpp">
      <Filter>Fichiers sources</Filter>
    </ClCompile>
    <ClCompile Include="Personnage.cpp">
      <Filter>Fichiers sources</Filter>
    </ClCompile>
    <ClCompile Include="Joueur.cpp">
      <Filter>Fichiers sources</Filter>
    </ClCompile>
    <ClCompile Include="CollisionHandler.cpp">
      <Filter>Fichiers sources</Filter>
    </ClCompile>
    <ClCompile Include="Rigidbody.cpp">
      <Filter>Fichiers sources</Filter>
    </ClCompile>
  </ItemGroup>
  <ItemGroup>
    <ClInclude Include="Game.h">
      <Filter>Fichiers d%27en-tête</Filter>
    </ClInclude>
    <ClInclude Include="Testeur.h">
      <Filter>Fichiers d%27en-tête</Filter>
    </ClInclude>
    <ClInclude Include="Scene.h">
      <Filter>Fichiers d%27en-tête</Filter>
    </ClInclude>
    <ClInclude Include="SceneTitre.h">
      <Filter>Fichiers d%27en-tête</Filter>
    </ClInclude>
    <ClInclude Include="SceneNiveau1.h">
      <Filter>Fichiers d%27en-tête</Filter>
    </ClInclude>
    <ClInclude Include="Textbox.h">
      <Filter>Fichiers d%27en-tête</Filter>
    </ClInclude>
    <ClInclude Include="RectCollider.h">
      <Filter>Fichiers d%27en-tête</Filter>
    </ClInclude>
    <ClInclude Include="AnimationShredder.h">
      <Filter>Fichiers d%27en-tête</Filter>
    </ClInclude>
    <ClInclude Include="ObjectAnimator.h">
      <Filter>Fichiers d%27en-tête</Filter>
    </ClInclude>
    <ClInclude Include="Spawner.h">
      <Filter>Fichiers d%27en-tête</Filter>
    </ClInclude>
    <ClInclude Include="MenuPrincipale.h">
      <Filter>Fichiers d%27en-tête</Filter>
    </ClInclude>
    <ClInclude Include="Login.h">
      <Filter>Fichiers d%27en-tête</Filter>
    </ClInclude>
    <ClInclude Include="AccountHandler.h">
      <Filter>Fichiers d%27en-tête</Filter>
    </ClInclude>
    <ClInclude Include="AccountManagement.h">
      <Filter>Fichiers d%27en-tête</Filter>
    </ClInclude>
    <ClInclude Include="Personnage.h">
      <Filter>Fichiers d%27en-tête</Filter>
    </ClInclude>
    <ClInclude Include="Joueur.h">
      <Filter>Fichiers d%27en-tête</Filter>
    </ClInclude>
    <ClInclude Include="CollisionHandler.h">
      <Filter>Fichiers d%27en-tête</Filter>
    </ClInclude>
    <ClInclude Include="Rigidbody.h">
      <Filter>Fichiers d%27en-tête</Filter>
    </ClInclude>
  </ItemGroup>
  <ItemGroup>
    <Image Include="Ressources\Overlays\you_died.png">
      <Filter>Fichiers de ressources\Overlays</Filter>
    </Image>
    <Image Include="Ressources\Overlays\you_lose.png">
      <Filter>Fichiers de ressources\Overlays</Filter>
    </Image>
    <Image Include="Ressources\Overlays\you_win.png">
      <Filter>Fichiers de ressources\Overlays</Filter>
    </Image>
    <Image Include="Ressources\Tiles\BlockA0.png">
      <Filter>Fichiers de ressources\Tiles</Filter>
    </Image>
    <Image Include="Ressources\Tiles\BlockA1.png">
      <Filter>Fichiers de ressources\Tiles</Filter>
    </Image>
    <Image Include="Ressources\Tiles\BlockA2.png">
      <Filter>Fichiers de ressources\Tiles</Filter>
    </Image>
    <Image Include="Ressources\Tiles\BlockA3.png">
      <Filter>Fichiers de ressources\Tiles</Filter>
    </Image>
    <Image Include="Ressources\Tiles\BlockA4.png">
      <Filter>Fichiers de ressources\Tiles</Filter>
    </Image>
    <Image Include="Ressources\Tiles\BlockA5.png">
      <Filter>Fichiers de ressources\Tiles</Filter>
    </Image>
    <Image Include="Ressources\Tiles\BlockA6.png">
      <Filter>Fichiers de ressources\Tiles</Filter>
    </Image>
    <Image Include="Ressources\Tiles\BlockB0.png">
      <Filter>Fichiers de ressources\Tiles</Filter>
    </Image>
    <Image Include="Ressources\Tiles\BlockB1.png">
      <Filter>Fichiers de ressources\Tiles</Filter>
    </Image>
    <Image Include="Ressources\Tiles\Exit.png">
      <Filter>Fichiers de ressources\Tiles</Filter>
    </Image>
    <Image Include="Ressources\Tiles\Platform.png">
      <Filter>Fichiers de ressources\Tiles</Filter>
    </Image>
    <Image Include="Ressources\Sprites\Title.png">
      <Filter>Fichiers de ressources\Sprites</Filter>
    </Image>
    <Image Include="Ressources\Sprites\1_TROLL\ATTAK\ATTAK_000.png">
      <Filter>Fichiers de ressources\Sprites\1_Troll\Attak</Filter>
    </Image>
    <Image Include="Ressources\Sprites\1_TROLL\ATTAK\ATTAK_001.png">
      <Filter>Fichiers de ressources\Sprites\1_Troll\Attak</Filter>
    </Image>
    <Image Include="Ressources\Sprites\1_TROLL\ATTAK\ATTAK_002.png">
      <Filter>Fichiers de ressources\Sprites\1_Troll\Attak</Filter>
    </Image>
    <Image Include="Ressources\Sprites\1_TROLL\ATTAK\ATTAK_003.png">
      <Filter>Fichiers de ressources\Sprites\1_Troll\Attak</Filter>
    </Image>
    <Image Include="Ressources\Sprites\1_TROLL\ATTAK\ATTAK_004.png">
      <Filter>Fichiers de ressources\Sprites\1_Troll\Attak</Filter>
    </Image>
    <Image Include="Ressources\Sprites\1_TROLL\ATTAK\ATTAK_005.png">
      <Filter>Fichiers de ressources\Sprites\1_Troll\Attak</Filter>
    </Image>
    <Image Include="Ressources\Sprites\1_TROLL\ATTAK\ATTAK_006.png">
      <Filter>Fichiers de ressources\Sprites\1_Troll\Attak</Filter>
    </Image>
    <Image Include="Ressources\Sprites\1_TROLL\DIE\DIE_000.png">
      <Filter>Fichiers de ressources\Sprites\1_Troll\Die</Filter>
    </Image>
    <Image Include="Ressources\Sprites\1_TROLL\DIE\DIE_001.png">
      <Filter>Fichiers de ressources\Sprites\1_Troll\Die</Filter>
    </Image>
    <Image Include="Ressources\Sprites\1_TROLL\DIE\DIE_002.png">
      <Filter>Fichiers de ressources\Sprites\1_Troll\Die</Filter>
    </Image>
    <Image Include="Ressources\Sprites\1_TROLL\DIE\DIE_003.png">
      <Filter>Fichiers de ressources\Sprites\1_Troll\Die</Filter>
    </Image>
    <Image Include="Ressources\Sprites\1_TROLL\DIE\DIE_004.png">
      <Filter>Fichiers de ressources\Sprites\1_Troll\Die</Filter>
    </Image>
    <Image Include="Ressources\Sprites\1_TROLL\DIE\DIE_005.png">
      <Filter>Fichiers de ressources\Sprites\1_Troll\Die</Filter>
    </Image>
    <Image Include="Ressources\Sprites\1_TROLL\DIE\DIE_006.png">
      <Filter>Fichiers de ressources\Sprites\1_Troll\Die</Filter>
    </Image>
    <Image Include="Ressources\Sprites\1_TROLL\HURT\HURT_000.png">
      <Filter>Fichiers de ressources\Sprites\1_Troll\Hurt</Filter>
    </Image>
    <Image Include="Ressources\Sprites\1_TROLL\HURT\HURT_001.png">
      <Filter>Fichiers de ressources\Sprites\1_Troll\Hurt</Filter>
    </Image>
    <Image Include="Ressources\Sprites\1_TROLL\HURT\HURT_002.png">
      <Filter>Fichiers de ressources\Sprites\1_Troll\Hurt</Filter>
    </Image>
    <Image Include="Ressources\Sprites\1_TROLL\HURT\HURT_003.png">
      <Filter>Fichiers de ressources\Sprites\1_Troll\Hurt</Filter>
    </Image>
    <Image Include="Ressources\Sprites\1_TROLL\HURT\HURT_004.png">
      <Filter>Fichiers de ressources\Sprites\1_Troll\Hurt</Filter>
    </Image>
    <Image Include="Ressources\Sprites\1_TROLL\HURT\HURT_005.png">
      <Filter>Fichiers de ressources\Sprites\1_Troll\Hurt</Filter>
    </Image>
    <Image Include="Ressources\Sprites\1_TROLL\HURT\HURT_006.png">
      <Filter>Fichiers de ressources\Sprites\1_Troll\Hurt</Filter>
    </Image>
    <Image Include="Ressources\Sprites\1_TROLL\IDLE\IDLE_000.png">
      <Filter>Fichiers de ressources\Sprites\1_Troll\Idle</Filter>
    </Image>
    <Image Include="Ressources\Sprites\1_TROLL\IDLE\IDLE_001.png">
      <Filter>Fichiers de ressources\Sprites\1_Troll\Idle</Filter>
    </Image>
    <Image Include="Ressources\Sprites\1_TROLL\IDLE\IDLE_002.png">
      <Filter>Fichiers de ressources\Sprites\1_Troll\Idle</Filter>
    </Image>
    <Image Include="Ressources\Sprites\1_TROLL\IDLE\IDLE_003.png">
      <Filter>Fichiers de ressources\Sprites\1_Troll\Idle</Filter>
    </Image>
    <Image Include="Ressources\Sprites\1_TROLL\IDLE\IDLE_004.png">
      <Filter>Fichiers de ressources\Sprites\1_Troll\Idle</Filter>
    </Image>
    <Image Include="Ressources\Sprites\1_TROLL\IDLE\IDLE_005.png">
      <Filter>Fichiers de ressources\Sprites\1_Troll\Idle</Filter>
    </Image>
    <Image Include="Ressources\Sprites\1_TROLL\IDLE\IDLE_006.png">
      <Filter>Fichiers de ressources\Sprites\1_Troll\Idle</Filter>
    </Image>
    <Image Include="Ressources\Sprites\1_TROLL\JUMP\JUMP_000.png">
      <Filter>Fichiers de ressources\Sprites\1_Troll\Jump</Filter>
    </Image>
    <Image Include="Ressources\Sprites\1_TROLL\JUMP\JUMP_001.png">
      <Filter>Fichiers de ressources\Sprites\1_Troll\Jump</Filter>
    </Image>
    <Image Include="Ressources\Sprites\1_TROLL\JUMP\JUMP_002.png">
      <Filter>Fichiers de ressources\Sprites\1_Troll\Jump</Filter>
    </Image>
    <Image Include="Ressources\Sprites\1_TROLL\JUMP\JUMP_003.png">
      <Filter>Fichiers de ressources\Sprites\1_Troll\Jump</Filter>
    </Image>
    <Image Include="Ressources\Sprites\1_TROLL\JUMP\JUMP_004.png">
      <Filter>Fichiers de ressources\Sprites\1_Troll\Jump</Filter>
    </Image>
    <Image Include="Ressources\Sprites\1_TROLL\JUMP\JUMP_005.png">
      <Filter>Fichiers de ressources\Sprites\1_Troll\Jump</Filter>
    </Image>
    <Image Include="Ressources\Sprites\1_TROLL\JUMP\JUMP_006.png">
      <Filter>Fichiers de ressources\Sprites\1_Troll\Jump</Filter>
    </Image>
    <Image Include="Ressources\Sprites\1_TROLL\WALK\WALK_000.png">
      <Filter>Fichiers de ressources\Sprites\1_Troll\Walk</Filter>
    </Image>
    <Image Include="Ressources\Sprites\1_TROLL\WALK\WALK_001.png">
      <Filter>Fichiers de ressources\Sprites\1_Troll\Walk</Filter>
    </Image>
    <Image Include="Ressources\Sprites\1_TROLL\WALK\WALK_002.png">
      <Filter>Fichiers de ressources\Sprites\1_Troll\Walk</Filter>
    </Image>
    <Image Include="Ressources\Sprites\1_TROLL\WALK\WALK_003.png">
      <Filter>Fichiers de ressources\Sprites\1_Troll\Walk</Filter>
    </Image>
    <Image Include="Ressources\Sprites\1_TROLL\WALK\WALK_004.png">
      <Filter>Fichiers de ressources\Sprites\1_Troll\Walk</Filter>
    </Image>
    <Image Include="Ressources\Sprites\1_TROLL\WALK\WALK_005.png">
      <Filter>Fichiers de ressources\Sprites\1_Troll\Walk</Filter>
    </Image>
    <Image Include="Ressources\Sprites\1_TROLL\WALK\WALK_006.png">
      <Filter>Fichiers de ressources\Sprites\1_Troll\Walk</Filter>
    </Image>
    <Image Include="Ressources\Sprites\1_TROLL\RUN\RUN_000.png">
      <Filter>Fichiers de ressources\Sprites\1_Troll\Run</Filter>
    </Image>
    <Image Include="Ressources\Sprites\1_TROLL\RUN\RUN_001.png">
      <Filter>Fichiers de ressources\Sprites\1_Troll\Run</Filter>
    </Image>
    <Image Include="Ressources\Sprites\1_TROLL\RUN\RUN_002.png">
      <Filter>Fichiers de ressources\Sprites\1_Troll\Run</Filter>
    </Image>
    <Image Include="Ressources\Sprites\1_TROLL\RUN\RUN_003.png">
      <Filter>Fichiers de ressources\Sprites\1_Troll\Run</Filter>
    </Image>
    <Image Include="Ressources\Sprites\1_TROLL\RUN\RUN_004.png">
      <Filter>Fichiers de ressources\Sprites\1_Troll\Run</Filter>
    </Image>
    <Image Include="Ressources\Sprites\1_TROLL\RUN\RUN_005.png">
      <Filter>Fichiers de ressources\Sprites\1_Troll\Run</Filter>
    </Image>
    <Image Include="Ressources\Sprites\1_TROLL\RUN\RUN_006.png">
      <Filter>Fichiers de ressources\Sprites\1_Troll\Run</Filter>
    </Image>
    <Image Include="Ressources\Sprites\2_TROLL\ATTAK\ATTAK_000.png">
      <Filter>Fichiers de ressources\Sprites\2_Troll\Attak</Filter>
    </Image>
    <Image Include="Ressources\Sprites\2_TROLL\ATTAK\ATTAK_001.png">
      <Filter>Fichiers de ressources\Sprites\2_Troll\Attak</Filter>
    </Image>
    <Image Include="Ressources\Sprites\2_TROLL\ATTAK\ATTAK_002.png">
      <Filter>Fichiers de ressources\Sprites\2_Troll\Attak</Filter>
    </Image>
    <Image Include="Ressources\Sprites\2_TROLL\ATTAK\ATTAK_003.png">
      <Filter>Fichiers de ressources\Sprites\2_Troll\Attak</Filter>
    </Image>
    <Image Include="Ressources\Sprites\2_TROLL\ATTAK\ATTAK_004.png">
      <Filter>Fichiers de ressources\Sprites\2_Troll\Attak</Filter>
    </Image>
    <Image Include="Ressources\Sprites\2_TROLL\ATTAK\ATTAK_005.png">
      <Filter>Fichiers de ressources\Sprites\2_Troll\Attak</Filter>
    </Image>
    <Image Include="Ressources\Sprites\2_TROLL\ATTAK\ATTAK_006.png">
      <Filter>Fichiers de ressources\Sprites\2_Troll\Attak</Filter>
    </Image>
    <Image Include="Ressources\Sprites\2_TROLL\DIE\DIE_000.png">
      <Filter>Fichiers de ressources\Sprites\2_Troll\Die</Filter>
    </Image>
    <Image Include="Ressources\Sprites\2_TROLL\DIE\DIE_001.png">
      <Filter>Fichiers de ressources\Sprites\2_Troll\Die</Filter>
    </Image>
    <Image Include="Ressources\Sprites\2_TROLL\DIE\DIE_002.png">
      <Filter>Fichiers de ressources\Sprites\2_Troll\Die</Filter>
    </Image>
    <Image Include="Ressources\Sprites\2_TROLL\DIE\DIE_003.png">
      <Filter>Fichiers de ressources\Sprites\2_Troll\Die</Filter>
    </Image>
    <Image Include="Ressources\Sprites\2_TROLL\DIE\DIE_004.png">
      <Filter>Fichiers de ressources\Sprites\2_Troll\Die</Filter>
    </Image>
    <Image Include="Ressources\Sprites\2_TROLL\DIE\DIE_005.png">
      <Filter>Fichiers de ressources\Sprites\2_Troll\Die</Filter>
    </Image>
    <Image Include="Ressources\Sprites\2_TROLL\DIE\DIE_006.png">
      <Filter>Fichiers de ressources\Sprites\2_Troll\Die</Filter>
    </Image>
    <Image Include="Ressources\Sprites\2_TROLL\HURT\HURT_000.png">
      <Filter>Fichiers de ressources\Sprites\2_Troll\Hurt</Filter>
    </Image>
    <Image Include="Ressources\Sprites\2_TROLL\HURT\HURT_001.png">
      <Filter>Fichiers de ressources\Sprites\2_Troll\Hurt</Filter>
    </Image>
    <Image Include="Ressources\Sprites\2_TROLL\HURT\HURT_002.png">
      <Filter>Fichiers de ressources\Sprites\2_Troll\Hurt</Filter>
    </Image>
    <Image Include="Ressources\Sprites\2_TROLL\HURT\HURT_003.png">
      <Filter>Fichiers de ressources\Sprites\2_Troll\Hurt</Filter>
    </Image>
    <Image Include="Ressources\Sprites\2_TROLL\HURT\HURT_004.png">
      <Filter>Fichiers de ressources\Sprites\2_Troll\Hurt</Filter>
    </Image>
    <Image Include="Ressources\Sprites\2_TROLL\HURT\HURT_005.png">
      <Filter>Fichiers de ressources\Sprites\2_Troll\Hurt</Filter>
    </Image>
    <Image Include="Ressources\Sprites\2_TROLL\HURT\HURT_006.png">
      <Filter>Fichiers de ressources\Sprites\2_Troll\Hurt</Filter>
    </Image>
    <Image Include="Ressources\Sprites\2_TROLL\IDLE\IDLE_000.png">
      <Filter>Fichiers de ressources\Sprites\2_Troll\Idle</Filter>
    </Image>
    <Image Include="Ressources\Sprites\2_TROLL\IDLE\IDLE_001.png">
      <Filter>Fichiers de ressources\Sprites\2_Troll\Idle</Filter>
    </Image>
    <Image Include="Ressources\Sprites\2_TROLL\IDLE\IDLE_002.png">
      <Filter>Fichiers de ressources\Sprites\2_Troll\Idle</Filter>
    </Image>
    <Image Include="Ressources\Sprites\2_TROLL\IDLE\IDLE_003.png">
      <Filter>Fichiers de ressources\Sprites\2_Troll\Idle</Filter>
    </Image>
    <Image Include="Ressources\Sprites\2_TROLL\IDLE\IDLE_004.png">
      <Filter>Fichiers de ressources\Sprites\2_Troll\Idle</Filter>
    </Image>
    <Image Include="Ressources\Sprites\2_TROLL\IDLE\IDLE_005.png">
      <Filter>Fichiers de ressources\Sprites\2_Troll\Idle</Filter>
    </Image>
    <Image Include="Ressources\Sprites\2_TROLL\IDLE\IDLE_006.png">
      <Filter>Fichiers de ressources\Sprites\2_Troll\Idle</Filter>
    </Image>
    <Image Include="Ressources\Sprites\2_TROLL\JUMP\JUMP_000.png">
      <Filter>Fichiers de ressources\Sprites\2_Troll\Jump</Filter>
    </Image>
    <Image Include="Ressources\Sprites\2_TROLL\JUMP\JUMP_001.png">
      <Filter>Fichiers de ressources\Sprites\2_Troll\Jump</Filter>
    </Image>
    <Image Include="Ressources\Sprites\2_TROLL\JUMP\JUMP_002.png">
      <Filter>Fichiers de ressources\Sprites\2_Troll\Jump</Filter>
    </Image>
    <Image Include="Ressources\Sprites\2_TROLL\JUMP\JUMP_003.png">
      <Filter>Fichiers de ressources\Sprites\2_Troll\Jump</Filter>
    </Image>
    <Image Include="Ressources\Sprites\2_TROLL\JUMP\JUMP_004.png">
      <Filter>Fichiers de ressources\Sprites\2_Troll\Jump</Filter>
    </Image>
    <Image Include="Ressources\Sprites\2_TROLL\JUMP\JUMP_005.png">
      <Filter>Fichiers de ressources\Sprites\2_Troll\Jump</Filter>
    </Image>
    <Image Include="Ressources\Sprites\2_TROLL\JUMP\JUMP_006.png">
      <Filter>Fichiers de ressources\Sprites\2_Troll\Jump</Filter>
    </Image>
    <Image Include="Ressources\Sprites\2_TROLL\RUN\RUN_000.png">
      <Filter>Fichiers de ressources\Sprites\2_Troll\Run</Filter>
    </Image>
    <Image Include="Ressources\Sprites\2_TROLL\RUN\RUN_001.png">
      <Filter>Fichiers de ressources\Sprites\2_Troll\Run</Filter>
    </Image>
    <Image Include="Ressources\Sprites\2_TROLL\RUN\RUN_002.png">
      <Filter>Fichiers de ressources\Sprites\2_Troll\Run</Filter>
    </Image>
    <Image Include="Ressources\Sprites\2_TROLL\RUN\RUN_003.png">
      <Filter>Fichiers de ressources\Sprites\2_Troll\Run</Filter>
    </Image>
    <Image Include="Ressources\Sprites\2_TROLL\RUN\RUN_004.png">
      <Filter>Fichiers de ressources\Sprites\2_Troll\Run</Filter>
    </Image>
    <Image Include="Ressources\Sprites\2_TROLL\RUN\RUN_005.png">
      <Filter>Fichiers de ressources\Sprites\2_Troll\Run</Filter>
    </Image>
    <Image Include="Ressources\Sprites\2_TROLL\RUN\RUN_006.png">
      <Filter>Fichiers de ressources\Sprites\2_Troll\Run</Filter>
    </Image>
    <Image Include="Ressources\Sprites\2_TROLL\WALK\WALK_000.png">
      <Filter>Fichiers de ressources\Sprites\2_Troll\Walk</Filter>
    </Image>
    <Image Include="Ressources\Sprites\2_TROLL\WALK\WALK_001.png">
      <Filter>Fichiers de ressources\Sprites\2_Troll\Walk</Filter>
    </Image>
    <Image Include="Ressources\Sprites\2_TROLL\WALK\WALK_002.png">
      <Filter>Fichiers de ressources\Sprites\2_Troll\Walk</Filter>
    </Image>
    <Image Include="Ressources\Sprites\2_TROLL\WALK\WALK_003.png">
      <Filter>Fichiers de ressources\Sprites\2_Troll\Walk</Filter>
    </Image>
    <Image Include="Ressources\Sprites\2_TROLL\WALK\WALK_004.png">
      <Filter>Fichiers de ressources\Sprites\2_Troll\Walk</Filter>
    </Image>
    <Image Include="Ressources\Sprites\2_TROLL\WALK\WALK_005.png">
      <Filter>Fichiers de ressources\Sprites\2_Troll\Walk</Filter>
    </Image>
    <Image Include="Ressources\Sprites\2_TROLL\WALK\WALK_006.png">
      <Filter>Fichiers de ressources\Sprites\2_Troll\Walk</Filter>
    </Image>
    <Image Include="Ressources\Sprites\3_TROLL\ATTAK\ATTAK_000.png">
      <Filter>Fichiers de ressources\Sprites\3_Troll\Attak</Filter>
    </Image>
    <Image Include="Ressources\Sprites\3_TROLL\ATTAK\ATTAK_001.png">
      <Filter>Fichiers de ressources\Sprites\3_Troll\Attak</Filter>
    </Image>
    <Image Include="Ressources\Sprites\3_TROLL\ATTAK\ATTAK_002.png">
      <Filter>Fichiers de ressources\Sprites\3_Troll\Attak</Filter>
    </Image>
    <Image Include="Ressources\Sprites\3_TROLL\ATTAK\ATTAK_003.png">
      <Filter>Fichiers de ressources\Sprites\3_Troll\Attak</Filter>
    </Image>
    <Image Include="Ressources\Sprites\3_TROLL\ATTAK\ATTAK_004.png">
      <Filter>Fichiers de ressources\Sprites\3_Troll\Attak</Filter>
    </Image>
    <Image Include="Ressources\Sprites\3_TROLL\ATTAK\ATTAK_005.png">
      <Filter>Fichiers de ressources\Sprites\3_Troll\Attak</Filter>
    </Image>
    <Image Include="Ressources\Sprites\3_TROLL\ATTAK\ATTAK_006.png">
      <Filter>Fichiers de ressources\Sprites\3_Troll\Attak</Filter>
    </Image>
    <Image Include="Ressources\Sprites\3_TROLL\DIE\DIE_000.png">
      <Filter>Fichiers de ressources\Sprites\3_Troll\Die</Filter>
    </Image>
    <Image Include="Ressources\Sprites\3_TROLL\DIE\DIE_001.png">
      <Filter>Fichiers de ressources\Sprites\3_Troll\Die</Filter>
    </Image>
    <Image Include="Ressources\Sprites\3_TROLL\DIE\DIE_002.png">
      <Filter>Fichiers de ressources\Sprites\3_Troll\Die</Filter>
    </Image>
    <Image Include="Ressources\Sprites\3_TROLL\DIE\DIE_003.png">
      <Filter>Fichiers de ressources\Sprites\3_Troll\Die</Filter>
    </Image>
    <Image Include="Ressources\Sprites\3_TROLL\DIE\DIE_004.png">
      <Filter>Fichiers de ressources\Sprites\3_Troll\Die</Filter>
    </Image>
    <Image Include="Ressources\Sprites\3_TROLL\DIE\DIE_005.png">
      <Filter>Fichiers de ressources\Sprites\3_Troll\Die</Filter>
    </Image>
    <Image Include="Ressources\Sprites\3_TROLL\DIE\DIE_006.png">
      <Filter>Fichiers de ressources\Sprites\3_Troll\Die</Filter>
    </Image>
    <Image Include="Ressources\Sprites\3_TROLL\HURT\HURT_000.png">
      <Filter>Fichiers de ressources\Sprites\3_Troll\Hurt</Filter>
    </Image>
    <Image Include="Ressources\Sprites\3_TROLL\HURT\HURT_001.png">
      <Filter>Fichiers de ressources\Sprites\3_Troll\Hurt</Filter>
    </Image>
    <Image Include="Ressources\Sprites\3_TROLL\HURT\HURT_002.png">
      <Filter>Fichiers de ressources\Sprites\3_Troll\Hurt</Filter>
    </Image>
    <Image Include="Ressources\Sprites\3_TROLL\HURT\HURT_003.png">
      <Filter>Fichiers de ressources\Sprites\3_Troll\Hurt</Filter>
    </Image>
    <Image Include="Ressources\Sprites\3_TROLL\HURT\HURT_004.png">
      <Filter>Fichiers de ressources\Sprites\3_Troll\Hurt</Filter>
    </Image>
    <Image Include="Ressources\Sprites\3_TROLL\HURT\HURT_005.png">
      <Filter>Fichiers de ressources\Sprites\3_Troll\Hurt</Filter>
    </Image>
    <Image Include="Ressources\Sprites\3_TROLL\HURT\HURT_006.png">
      <Filter>Fichiers de ressources\Sprites\3_Troll\Hurt</Filter>
    </Image>
    <Image Include="Ressources\Sprites\3_TROLL\IDLE\IDLE_000.png">
      <Filter>Fichiers de ressources\Sprites\3_Troll\Idle</Filter>
    </Image>
    <Image Include="Ressources\Sprites\3_TROLL\IDLE\IDLE_001.png">
      <Filter>Fichiers de ressources\Sprites\3_Troll\Idle</Filter>
    </Image>
    <Image Include="Ressources\Sprites\3_TROLL\IDLE\IDLE_002.png">
      <Filter>Fichiers de ressources\Sprites\3_Troll\Idle</Filter>
    </Image>
    <Image Include="Ressources\Sprites\3_TROLL\IDLE\IDLE_003.png">
      <Filter>Fichiers de ressources\Sprites\3_Troll\Idle</Filter>
    </Image>
    <Image Include="Ressources\Sprites\3_TROLL\IDLE\IDLE_004.png">
      <Filter>Fichiers de ressources\Sprites\3_Troll\Idle</Filter>
    </Image>
    <Image Include="Ressources\Sprites\3_TROLL\IDLE\IDLE_005.png">
      <Filter>Fichiers de ressources\Sprites\3_Troll\Idle</Filter>
    </Image>
    <Image Include="Ressources\Sprites\3_TROLL\IDLE\IDLE_006.png">
      <Filter>Fichiers de ressources\Sprites\3_Troll\Idle</Filter>
    </Image>
    <Image Include="Ressources\Sprites\3_TROLL\JUMP\JUMP_000.png">
      <Filter>Fichiers de ressources\Sprites\3_Troll\Jump</Filter>
    </Image>
    <Image Include="Ressources\Sprites\3_TROLL\JUMP\JUMP_001.png">
      <Filter>Fichiers de ressources\Sprites\3_Troll\Jump</Filter>
    </Image>
    <Image Include="Ressources\Sprites\3_TROLL\JUMP\JUMP_002.png">
      <Filter>Fichiers de ressources\Sprites\3_Troll\Jump</Filter>
    </Image>
    <Image Include="Ressources\Sprites\3_TROLL\JUMP\JUMP_003.png">
      <Filter>Fichiers de ressources\Sprites\3_Troll\Jump</Filter>
    </Image>
    <Image Include="Ressources\Sprites\3_TROLL\JUMP\JUMP_004.png">
      <Filter>Fichiers de ressources\Sprites\3_Troll\Jump</Filter>
    </Image>
    <Image Include="Ressources\Sprites\3_TROLL\JUMP\JUMP_005.png">
      <Filter>Fichiers de ressources\Sprites\3_Troll\Jump</Filter>
    </Image>
    <Image Include="Ressources\Sprites\3_TROLL\JUMP\JUMP_006.png">
      <Filter>Fichiers de ressources\Sprites\3_Troll\Jump</Filter>
    </Image>
    <Image Include="Ressources\Sprites\3_TROLL\WALK\WALK_000.png">
      <Filter>Fichiers de ressources\Sprites\3_Troll\Walk</Filter>
    </Image>
    <Image Include="Ressources\Sprites\3_TROLL\WALK\WALK_001.png">
      <Filter>Fichiers de ressources\Sprites\3_Troll\Walk</Filter>
    </Image>
    <Image Include="Ressources\Sprites\3_TROLL\WALK\WALK_002.png">
      <Filter>Fichiers de ressources\Sprites\3_Troll\Walk</Filter>
    </Image>
    <Image Include="Ressources\Sprites\3_TROLL\WALK\WALK_003.png">
      <Filter>Fichiers de ressources\Sprites\3_Troll\Walk</Filter>
    </Image>
    <Image Include="Ressources\Sprites\3_TROLL\WALK\WALK_004.png">
      <Filter>Fichiers de ressources\Sprites\3_Troll\Walk</Filter>
    </Image>
    <Image Include="Ressources\Sprites\3_TROLL\WALK\WALK_005.png">
      <Filter>Fichiers de ressources\Sprites\3_Troll\Walk</Filter>
    </Image>
    <Image Include="Ressources\Sprites\3_TROLL\WALK\WALK_006.png">
      <Filter>Fichiers de ressources\Sprites\3_Troll\Walk</Filter>
    </Image>
    <Image Include="Ressources\Sprites\3_TROLL\RUN\RUN_000.png">
      <Filter>Fichiers de ressources\Sprites\3_Troll\Run</Filter>
    </Image>
    <Image Include="Ressources\Sprites\3_TROLL\RUN\RUN_001.png">
      <Filter>Fichiers de ressources\Sprites\3_Troll\Run</Filter>
    </Image>
    <Image Include="Ressources\Sprites\3_TROLL\RUN\RUN_002.png">
      <Filter>Fichiers de ressources\Sprites\3_Troll\Run</Filter>
    </Image>
    <Image Include="Ressources\Sprites\3_TROLL\RUN\RUN_003.png">
      <Filter>Fichiers de ressources\Sprites\3_Troll\Run</Filter>
    </Image>
    <Image Include="Ressources\Sprites\3_TROLL\RUN\RUN_004.png">
      <Filter>Fichiers de ressources\Sprites\3_Troll\Run</Filter>
    </Image>
    <Image Include="Ressources\Sprites\3_TROLL\RUN\RUN_005.png">
      <Filter>Fichiers de ressources\Sprites\3_Troll\Run</Filter>
    </Image>
    <Image Include="Ressources\Sprites\3_TROLL\RUN\RUN_006.png">
      <Filter>Fichiers de ressources\Sprites\3_Troll\Run</Filter>
    </Image>
    <Image Include="Ressources\Sprites\2_KNIGHT\_ATTACK\attack.png">
      <Filter>Fichiers de ressources\Sprites\2_Knight\Attack</Filter>
    </Image>
    <Image Include="Ressources\Sprites\2_KNIGHT\_DIE\die.png">
      <Filter>Fichiers de ressources\Sprites\2_Knight\Die</Filter>
    </Image>
    <Image Include="Ressources\Sprites\2_KNIGHT\_HURT\hurt.png">
      <Filter>Fichiers de ressources\Sprites\2_Knight\Hurt</Filter>
    </Image>
    <Image Include="Ressources\Sprites\2_KNIGHT\_IDLE\idle.png">
      <Filter>Fichiers de ressources\Sprites\2_Knight\Idle</Filter>
    </Image>
    <Image Include="Ressources\Sprites\2_KNIGHT\_JUMP\jump.png">
      <Filter>Fichiers de ressources\Sprites\2_Knight\Jump</Filter>
    </Image>
    <Image Include="Ressources\Sprites\2_KNIGHT\_RUN\run.png">
      <Filter>Fichiers de ressources\Sprites\2_Knight\Run</Filter>
    </Image>
    <Image Include="Ressources\Sprites\2_KNIGHT\_WALK\walk.png">
      <Filter>Fichiers de ressources\Sprites\2_Knight\Walk</Filter>
    </Image>
    <Image Include="Ressources\Sprites\1_KNIGHT\_ATTACK\attack.png">
      <Filter>Fichiers de ressources\Sprites\1_Knight\Attack</Filter>
    </Image>
    <Image Include="Ressources\Sprites\1_KNIGHT\_DIE\die.png">
      <Filter>Fichiers de ressources\Sprites\1_Knight\Die</Filter>
    </Image>
    <Image Include="Ressources\Sprites\1_KNIGHT\_HURT\hurt.png">
      <Filter>Fichiers de ressources\Sprites\1_Knight\Hurt</Filter>
    </Image>
    <Image Include="Ressources\Sprites\1_KNIGHT\_IDLE\idle.png">
      <Filter>Fichiers de ressources\Sprites\1_Knight\Idle</Filter>
    </Image>
    <Image Include="Ressources\Sprites\1_KNIGHT\_JUMP\jump.png">
      <Filter>Fichiers de ressources\Sprites\1_Knight\Jump</Filter>
    </Image>
    <Image Include="Ressources\Sprites\1_KNIGHT\_RUN\run.png">
      <Filter>Fichiers de ressources\Sprites\1_Knight\Run</Filter>
    </Image>
    <Image Include="Ressources\Sprites\1_KNIGHT\_WALK\walk.png">
      <Filter>Fichiers de ressources\Sprites\1_Knight\Walk</Filter>
    </Image>
    <Image Include="Ressources\Sprites\3_KNIGHT\_ATTACK\attack.png">
      <Filter>Fichiers de ressources\Sprites\3_Knight\Attack</Filter>
    </Image>
    <Image Include="Ressources\Sprites\3_KNIGHT\_DIE\die.png">
      <Filter>Fichiers de ressources\Sprites\3_Knight\Die</Filter>
    </Image>
    <Image Include="Ressources\Sprites\3_KNIGHT\_HURT\hurt.png">
      <Filter>Fichiers de ressources\Sprites\3_Knight\Hurt</Filter>
    </Image>
    <Image Include="Ressources\Sprites\3_KNIGHT\_IDLE\idle.png">
      <Filter>Fichiers de ressources\Sprites\3_Knight\Idle</Filter>
    </Image>
    <Image Include="Ressources\Sprites\3_KNIGHT\_JUMP\jump.png">
      <Filter>Fichiers de ressources\Sprites\3_Knight\Jump</Filter>
    </Image>
    <Image Include="Ressources\Sprites\3_KNIGHT\_RUN\run.png">
      <Filter>Fichiers de ressources\Sprites\3_Knight\Run</Filter>
    </Image>
    <Image Include="Ressources\Sprites\3_KNIGHT\_WALK\walk.png">
      <Filter>Fichiers de ressources\Sprites\3_Knight\Walk</Filter>
    </Image>
    <Image Include="Ressources\Sprites\GEMS\1_gem.png">
      <Filter>Fichiers de ressources\Sprites\Gems</Filter>
    </Image>
    <Image Include="Ressources\Sprites\GEMS\2_gem.png">
      <Filter>Fichiers de ressources\Sprites\Gems</Filter>
    </Image>
    <Image Include="Ressources\Sprites\GEMS\orbs.png">
      <Filter>Fichiers de ressources\Sprites\Gems</Filter>
    </Image>
    <Image Include="Ressources\Sprites\UI\Backgrounds\BlackSquare.png">
      <Filter>Fichiers de ressources\Sprites\UI\Backgrounds</Filter>
    </Image>
    <Image Include="Ressources\Sprites\Player\Player.png">
      <Filter>Fichiers de ressources\Sprites\Player</Filter>
    </Image>
    <Image Include="Ressources\Sprites\UI\Backgrounds\background_1.jpg">
      <Filter>Fichiers de ressources\Sprites\UI\Backgrounds</Filter>
    </Image>
  </ItemGroup>
  <ItemGroup>
    <Font Include="Ressources\Fonts\Peric.ttf">
      <Filter>Fichiers de ressources\Fonts</Filter>
    </Font>
  </ItemGroup>
  <ItemGroup>
    <None Include="Ressources\Sounds\ExitReached.ogg">
      <Filter>Fichiers de ressources\Sounds</Filter>
    </None>
    <None Include="Ressources\Sounds\GemCollected.ogg">
      <Filter>Fichiers de ressources\Sounds</Filter>
    </None>
    <None Include="Ressources\Sounds\MonsterKilled.ogg">
      <Filter>Fichiers de ressources\Sounds</Filter>
    </None>
    <None Include="Ressources\Sounds\Music.ogg">
      <Filter>Fichiers de ressources\Sounds</Filter>
    </None>
    <None Include="Ressources\Sounds\PlayerFall.ogg">
      <Filter>Fichiers de ressources\Sounds</Filter>
    </None>
    <None Include="Ressources\Sounds\PlayerJump.ogg">
      <Filter>Fichiers de ressources\Sounds</Filter>
    </None>
    <None Include="Ressources\Sounds\PlayerKilled.ogg">
      <Filter>Fichiers de ressources\Sounds</Filter>
    </None>
    <None Include="Ressources\Sounds\Powerup.ogg">
      <Filter>Fichiers de ressources\Sounds</Filter>
    </None>
  </ItemGroup>
  <ItemGroup>
    <Text Include="Ressources\Other\accounts.txt">
      <Filter>Fichiers de ressources\Other</Filter>
    </Text>
  </ItemGroup>
</Project>